# This file is autogenerated, do not edit; changes may be undone by the next 'dep ensure'.


[[projects]]
  digest = "1:9f749ec4d874e9e87f330c8b60d299d096db35dbfa7d88b88983f7fa888af2ea"
  name = "cloud.google.com/go"
  packages = ["compute/metadata"]
  pruneopts = "UT"
  revision = "6daa679260d92196ffca2362d652c924fdcb7a22"
  version = "v0.52.0"

[[projects]]
  digest = "1:76dc72490af7174349349838f2fe118996381b31ea83243812a97e5a0fd5ed55"
  name = "github.com/dgrijalva/jwt-go"
  packages = ["."]
  pruneopts = "UT"
  revision = "06ea1031745cb8b3dab3f6a236daf2b0aa468b7e"
  version = "v3.2.0"

[[projects]]
  branch = "master"
  digest = "1:b7cb6054d3dff43b38ad2e92492f220f57ae6087ee797dca298139776749ace8"
  name = "github.com/golang/groupcache"
  packages = ["lru"]
  pruneopts = "UT"
  revision = "8c9f03a8e57eb486e42badaed3fb287da51807ba"

[[projects]]
  digest = "1:0314772c6631bb25d46f0b6a46bed7145e359cbb7411db99682a3b0d1d0cd00f"
  name = "github.com/golang/protobuf"
  packages = [
    "proto",
    "ptypes",
    "ptypes/any",
    "ptypes/duration",
    "ptypes/timestamp",
  ]
  pruneopts = "UT"
  revision = "d23c5127dc24889085f8ccea5c9d560a57a879d8"
  version = "v1.3.3"

[[projects]]
  digest = "1:766102087520f9d54f2acc72bd6637045900ac735b4a419b128d216f0c5c4876"
  name = "github.com/googleapis/gax-go"
  packages = ["v2"]
  pruneopts = "UT"
  revision = "bd5b16380fd03dc758d11cef74ba2e3bc8b0e8c2"
  version = "v2.0.5"

[[projects]]
  branch = "master"
  digest = "1:e4157897809ccfb1dc81d93f4ab806ba47767579e4575f6a5eb6d4866115486c"
  name = "github.com/jackkitte/youtube_manager_go"
  packages = [
    "middlewares",
    "routes",
    "web/api",
  ]
  pruneopts = "UT"
  revision = "c528bfd088bff69999c45c050b415004c06f3ad5"

[[projects]]
  digest = "1:ecd9aa82687cf31d1585d4ac61d0ba180e42e8a6182b85bd785fcca8dfeefc1b"
  name = "github.com/joho/godotenv"
  packages = ["."]
  pruneopts = "UT"
  revision = "23d116af351c84513e1946b527c88823e476be13"
  version = "v1.3.0"

[[projects]]
  digest = "1:cb7edefacdcbfd95b7611c11b3b027404fa39a66fdc91f6366e1811cbdb5cd3e"
  name = "github.com/klauspost/compress"
  packages = [
    "flate",
    "gzip",
    "zlib",
  ]
  pruneopts = "UT"
  revision = "459b83aadb42b806aed42f0f4b3240c8834e0cc1"
  version = "v1.9.8"

[[projects]]
  digest = "1:31e761d97c76151dde79e9d28964a812c46efc5baee4085b86f68f0c654450de"
  name = "github.com/konsorten/go-windows-terminal-sequences"
  packages = ["."]
  pruneopts = "UT"
  revision = "f55edac94c9bbba5d6182a4be46d86a2c9b5b50e"
  version = "v1.0.2"

[[projects]]
  digest = "1:efd601ad1d1189884f37ed075fadb5bbd17f1f5acf5862827247c6da56d125ba"
  name = "github.com/labstack/echo"
  packages = [
    ".",
    "middleware",
  ]
  pruneopts = "UT"
  revision = "38772c686c76b501f94bd6cd5b77f5842e93b559"
  version = "v3.3.10"

[[projects]]
  digest = "1:e8e65826d60fd82637fb9df06ecd651191b599f4a8f72b86362012f288778320"
  name = "github.com/labstack/gommon"
  packages = [
    "bytes",
    "color",
    "log",
    "random",
  ]
  pruneopts = "UT"
  revision = "4919956f6fb227b548f004da27c7c6b20fba499f"
  version = "v0.3.0"

[[projects]]
  digest = "1:4a29eeb25603debe8f2098a9902c4d3851034cf70d33be428826e86e8c30a1b0"
  name = "github.com/mattn/go-colorable"
  packages = ["."]
  pruneopts = "UT"
  revision = "98ec13f34aabf44cc914c65a1cfb7b9bc815aef1"
  version = "v0.1.4"

[[projects]]
  digest = "1:0c58d31abe2a2ccb429c559b6292e7df89dcda675456fecc282fa90aa08273eb"
  name = "github.com/mattn/go-isatty"
  packages = ["."]
  pruneopts = "UT"
  revision = "7b513a986450394f7bbf1476909911b3aa3a55ce"
  version = "v0.0.12"

[[projects]]
  digest = "1:04457f9f6f3ffc5fea48e71d62f2ca256637dee0a04d710288e27e05c8b41976"
  name = "github.com/sirupsen/logrus"
  packages = ["."]
  pruneopts = "UT"
  revision = "839c75faf7f98a33d445d181f3018b5c3409a45e"
  version = "v1.4.2"

[[projects]]
  digest = "1:c468422f334a6b46a19448ad59aaffdfc0a36b08fdcc1c749a0b29b6453d7e59"
  name = "github.com/valyala/bytebufferpool"
  packages = ["."]
  pruneopts = "UT"
  revision = "e746df99fe4a3986f4d4f79e13c1e0117ce9c2f7"
  version = "v1.0.0"

[[projects]]
  digest = "1:15ad8a80098fcc7a194b9db6b26d74072a852e4faa957848c8118193d3c69230"
  name = "github.com/valyala/fasthttp"
  packages = [
    ".",
    "fasthttputil",
    "stackless",
  ]
  pruneopts = "UT"
  revision = "e5f51c11919d4f66400334047b897ef0a94c6f3c"
  version = "v20180529"

[[projects]]
  digest = "1:d2b6739022f7bc284b94fc553ddd2ff790de7b0fc0b37206e8bff80481a1d7aa"
  name = "github.com/valyala/fasttemplate"
  packages = ["."]
  pruneopts = "UT"
  revision = "8fcc7a99b5795b7c3e95172237cf93282fc339a9"
  version = "v1.1.0"

[[projects]]
  digest = "1:5dae67f1206b3c9fe0ba183912b1ec204f2b688b8875116c245887c4a0d5ee77"
  name = "go.opencensus.io"
  packages = [
    ".",
    "internal",
    "internal/tagencoding",
    "metric/metricdata",
    "metric/metricproducer",
    "plugin/ochttp",
    "plugin/ochttp/propagation/b3",
    "resource",
    "stats",
    "stats/internal",
    "stats/view",
    "tag",
    "trace",
    "trace/internal",
    "trace/propagation",
    "trace/tracestate",
  ]
  pruneopts = "UT"
  revision = "d835ff86be02193d324330acdb7d65546b05f814"
  version = "v0.22.3"

[[projects]]
  branch = "master"
  digest = "1:2d892da8ced067bd8178490d47cebd8b4858a5ff53b58a1a82d8c46eec2a0e52"
  name = "golang.org/x/crypto"
  packages = [
    "acme",
    "acme/autocert",
  ]
  pruneopts = "UT"
  revision = "ecb85df213405b7d32e4d73cb5bbaace2ec88881"

[[projects]]
  branch = "master"
  digest = "1:be7ea8c9ac48b8b0b9e91e32760f59c23de8a5e3de03c918f56e0c08a6e03017"
  name = "golang.org/x/net"
  packages = [
    "context",
    "context/ctxhttp",
    "http/httpguts",
    "http2",
    "http2/hpack",
    "idna",
    "internal/timeseries",
    "trace",
  ]
  pruneopts = "UT"
  revision = "16171245cfb220d5317888b716d69c1fb4e7992b"

[[projects]]
  branch = "master"
  digest = "1:79edde3241bb55de9f4143d5083bfcff722e550c3cb8db94084eab50d0e440b5"
  name = "golang.org/x/oauth2"
  packages = [
    ".",
    "google",
    "internal",
    "jws",
    "jwt",
  ]
  pruneopts = "UT"
  revision = "bf48bf16ab8d622ce64ec6ce98d2c98f916b6303"

[[projects]]
  branch = "master"
  digest = "1:72b7c210f8cfe1431d2f300fbf37f25e52aa77324b05ab6b698483054033803e"
  name = "golang.org/x/sys"
  packages = ["unix"]
  pruneopts = "UT"
  revision = "d101bd2416d505c0448a6ce8a282482678040a89"

[[projects]]
  digest = "1:8d8faad6b12a3a4c819a3f9618cb6ee1fa1cfc33253abeeea8b55336721e3405"
  name = "golang.org/x/text"
  packages = [
    "collate",
    "collate/build",
    "internal/colltab",
    "internal/gen",
    "internal/language",
    "internal/language/compact",
    "internal/tag",
    "internal/triegen",
    "internal/ucd",
    "language",
    "secure/bidirule",
    "transform",
    "unicode/bidi",
    "unicode/cldr",
    "unicode/norm",
    "unicode/rangetable",
  ]
  pruneopts = "UT"
  revision = "342b2e1fbaa52c93f31447ad2c6abc048c63e475"
  version = "v0.3.2"

[[projects]]
  digest = "1:2ce10c27c1b5e8717d1b4e996403f16dc85058a4fca2cca27beefd2e23634106"
  name = "google.golang.org/api"
  packages = [
    "googleapi",
    "googleapi/transport",
    "internal",
    "internal/gensupport",
    "internal/third_party/uritemplates",
    "option",
    "transport/http",
    "transport/http/internal/propagation",
    "youtube/v3",
  ]
  pruneopts = "UT"
  revision = "aa5d4e47691e7ae1aebb5221ff8e4beea23fad72"
  version = "v0.15.0"

[[projects]]
  digest = "1:3c03b58f57452764a4499c55c582346c0ee78c8a5033affe5bdfd9efd3da5bd1"
  name = "google.golang.org/appengine"
  packages = [
    ".",
    "internal",
    "internal/app_identity",
    "internal/base",
    "internal/datastore",
    "internal/log",
    "internal/modules",
    "internal/remote_api",
    "internal/urlfetch",
    "urlfetch",
  ]
  pruneopts = "UT"
  revision = "971852bfffca25b069c31162ae8f247a3dba083b"
  version = "v1.6.5"

[[projects]]
  branch = "master"
  digest = "1:0c679e19d1865dd65e7ec400bf9562d8f161cf59c4f74c0bb50f365fc9fb19eb"
  name = "google.golang.org/genproto"
  packages = ["googleapis/rpc/status"]
  pruneopts = "UT"
  revision = "4f3edf09f4f643aee978706652368efb6e407faa"

[[projects]]
  digest = "1:de21a2d5b9c8697d83f5ab48f3e8fe3616c33ac4b2d057083662dede0e81488e"
  name = "google.golang.org/grpc"
  packages = [
    ".",
    "attributes",
    "backoff",
    "balancer",
    "balancer/base",
    "balancer/roundrobin",
    "binarylog/grpc_binarylog_v1",
    "codes",
    "connectivity",
    "credentials",
    "credentials/internal",
    "encoding",
    "encoding/proto",
    "grpclog",
    "internal",
    "internal/backoff",
    "internal/balancerload",
    "internal/binarylog",
    "internal/buffer",
    "internal/channelz",
    "internal/envconfig",
    "internal/grpcrand",
    "internal/grpcsync",
    "internal/resolver/dns",
    "internal/resolver/passthrough",
    "internal/syscall",
    "internal/transport",
    "keepalive",
    "metadata",
    "naming",
    "peer",
    "resolver",
    "serviceconfig",
    "stats",
    "status",
    "tap",
  ]
  pruneopts = "UT"
  revision = "f495f5b15ae7ccda3b38c53a1bfcde4c1a58a2bc"
  version = "v1.27.1"

[solve-meta]
  analyzer-name = "dep"
  analyzer-version = 1
  input-imports = [
    "github.com/jackkitte/youtube_manager_go/middlewares",
    "github.com/jackkitte/youtube_manager_go/routes",
    "github.com/jackkitte/youtube_manager_go/web/api",
    "github.com/joho/godotenv",
    "github.com/labstack/echo",
    "github.com/labstack/echo/middleware",
    "github.com/sirupsen/logrus",
    "github.com/valyala/fasthttp",
    "google.golang.org/api/option",
    "google.golang.org/api/youtube/v3",
  ]
  solver-name = "gps-cdcl"
  solver-version = 1
